
Microsoft Visual Studio Solution File, Format Version 12.00
# Visual Studio Version 17
VisualStudioVersion = 17.8.34330.188
MinimumVisualStudioVersion = 10.0.40219.1
Project("{FAE04EC0-301F-11D3-BF4B-00C04F79EFBC}") = "SignalRApi", "SignalRApi\SignalRApi.csproj", "{00F29D08-A911-4AE0-8C13-C5968C5C2392}"
EndProject
Project("{FAE04EC0-301F-11D3-BF4B-00C04F79EFBC}") = "SignalRWebUI", "SignalRWebUI\SignalRWebUI.csproj", "{BD3D2860-5E40-4731-B3DB-91D56527C87F}"
EndProject
Project("{FAE04EC0-301F-11D3-BF4B-00C04F79EFBC}") = "SignalR.EntityLayer", "SignalREntityLayer\SignalR.EntityLayer.csproj", "{E33C6623-974E-4009-8EAD-5B40F6DF387A}"
EndProject
Project("{FAE04EC0-301F-11D3-BF4B-00C04F79EFBC}") = "SignalR.DataAccessLayer", "SignalR.DataAccessLayer\SignalR.DataAccessLayer.csproj", "{7E64B378-BD6B-4AAA-9961-0C2C1DA56A0C}"
EndProject
Project("{FAE04EC0-301F-11D3-BF4B-00C04F79EFBC}") = "SignalR.DtoLayer", "SignalR.DtoLayer\SignalR.DtoLayer.csproj", "{3C86EA1A-3DC5-4EE6-BD2B-D9F5544AF7BF}"
EndProject
Project("{FAE04EC0-301F-11D3-BF4B-00C04F79EFBC}") = "SignalR.BusinessLayer", "SignalR.BusinessLayer\SignalR.BusinessLayer.csproj", "{F11E29ED-565D-4978-9FBB-A2D6F9EAFC75}"
EndProject
Global
	GlobalSection(SolutionConfigurationPlatforms) = preSolution
		Debug|Any CPU = Debug|Any CPU
		Release|Any CPU = Release|Any CPU
	EndGlobalSection
	GlobalSection(ProjectConfigurationPlatforms) = postSolution
		{00F29D08-A911-4AE0-8C13-C5968C5C2392}.Debug|Any CPU.ActiveCfg = Debug|Any CPU
		{00F29D08-A911-4AE0-8C13-C5968C5C2392}.Debug|Any CPU.Build.0 = Debug|Any CPU
		{00F29D08-A911-4AE0-8C13-C5968C5C2392}.Release|Any CPU.ActiveCfg = Release|Any CPU
		{00F29D08-A911-4AE0-8C13-C5968C5C2392}.Release|Any CPU.Build.0 = Release|Any CPU
		{BD3D2860-5E40-4731-B3DB-91D56527C87F}.Debug|Any CPU.ActiveCfg = Debug|Any CPU
		{BD3D2860-5E40-4731-B3DB-91D56527C87F}.Debug|Any CPU.Build.0 = Debug|Any CPU
		{BD3D2860-5E40-4731-B3DB-91D56527C87F}.Release|Any CPU.ActiveCfg = Release|Any CPU
		{BD3D2860-5E40-4731-B3DB-91D56527C87F}.Release|Any CPU.Build.0 = Release|Any CPU
		{E33C6623-974E-4009-8EAD-5B40F6DF387A}.Debug|Any CPU.ActiveCfg = Debug|Any CPU
		{E33C6623-974E-4009-8EAD-5B40F6DF387A}.Debug|Any CPU.Build.0 = Debug|Any CPU
		{E33C6623-974E-4009-8EAD-5B40F6DF387A}.Release|Any CPU.ActiveCfg = Release|Any CPU
		{E33C6623-974E-4009-8EAD-5B40F6DF387A}.Release|Any CPU.Build.0 = Release|Any CPU
		{7E64B378-BD6B-4AAA-9961-0C2C1DA56A0C}.Debug|Any CPU.ActiveCfg = Debug|Any CPU
		{7E64B378-BD6B-4AAA-9961-0C2C1DA56A0C}.Debug|Any CPU.Build.0 = Debug|Any CPU
		{7E64B378-BD6B-4AAA-9961-0C2C1DA56A0C}.Release|Any CPU.ActiveCfg = Release|Any CPU
		{7E64B378-BD6B-4AAA-9961-0C2C1DA56A0C}.Release|Any CPU.Build.0 = Release|Any CPU
		{3C86EA1A-3DC5-4EE6-BD2B-D9F5544AF7BF}.Debug|Any CPU.ActiveCfg = Debug|Any CPU
		{3C86EA1A-3DC5-4EE6-BD2B-D9F5544AF7BF}.Debug|Any CPU.Build.0 = Debug|Any CPU
		{3C86EA1A-3DC5-4EE6-BD2B-D9F5544AF7BF}.Release|Any CPU.ActiveCfg = Release|Any CPU
		{3C86EA1A-3DC5-4EE6-BD2B-D9F5544AF7BF}.Release|Any CPU.Build.0 = Release|Any CPU
		{F11E29ED-565D-4978-9FBB-A2D6F9EAFC75}.Debug|Any CPU.ActiveCfg = Debug|Any CPU
		{F11E29ED-565D-4978-9FBB-A2D6F9EAFC75}.Debug|Any CPU.Build.0 = Debug|Any CPU
		{F11E29ED-565D-4978-9FBB-A2D6F9EAFC75}.Release|Any CPU.ActiveCfg = Release|Any CPU
		{F11E29ED-565D-4978-9FBB-A2D6F9EAFC75}.Release|Any CPU.Build.0 = Release|Any CPU
	EndGlobalSection
	GlobalSection(SolutionProperties) = preSolution
		HideSolutionNode = FALSE
	EndGlobalSection
	GlobalSection(ExtensibilityGlobals) = postSolution
		SolutionGuid = {3745E60F-A8A8-412F-AE05-D6E62611C328}
	EndGlobalSection
EndGlobal
